
Microsoft Visual Studio Solution File, Format Version 12.00
# Visual Studio 15
Project("{FAE04EC0-301F-11D3-BF4B-00C04F79EFBC}") = "Kneat.Framework", "Kneat.Framework\Kneat.Framework.csproj", "{2F0761A3-DB3A-43F5-83A9-FA689051DAAD}"
EndProject
Project("{FAE04EC0-301F-11D3-BF4B-00C04F79EFBC}") = "Kneat.TestCases", "Kneat.TestCases\Kneat.TestCases.csproj", "{6EFEAE7C-1B8D-4B9A-9336-67168AD23B44}"
EndProject
Project("{FAE04EC0-301F-11D3-BF4B-00C04F79EFBC}") = "Kneat.Common", "Kneat.Common\Kneat.Common.csproj", "{CA1B5FAD-3BA6-43D4-97A2-56E04256013A}"
EndProject
Project("{FAE04EC0-301F-11D3-BF4B-00C04F79EFBC}") = "Kneat.Pages", "Kneat.Pages\Kneat.Pages.csproj", "{129FE6BE-1A1E-4C4B-957C-878B38CA8CC5}"
EndProject
Project("{FAE04EC0-301F-11D3-BF4B-00C04F79EFBC}") = "Kneat.Reports", "Kneat.Reports\Kneat.Reports.csproj", "{C4B17793-24C1-4D99-A5FD-ECD5C410E70C}"
EndProject
Project("{FAE04EC0-301F-11D3-BF4B-00C04F79EFBC}") = "Kneat.ConfigurationManager", "Kneat.ConfigurationManager\Kneat.ConfigurationManager.csproj", "{9B6FAA42-DF46-41A7-B75A-FB669FD9CA26}"
EndProject
Project("{2150E333-8FDC-42A3-9474-1A3956D46DE8}") = "Solution Items", "Solution Items", "{3B6D922C-989E-48EB-9583-4535441E3265}"
	ProjectSection(SolutionItems) = preProject
		README.md = README.md
	EndProjectSection
EndProject
Global
	GlobalSection(SolutionConfigurationPlatforms) = preSolution
		Debug|Any CPU = Debug|Any CPU
		Release|Any CPU = Release|Any CPU
	EndGlobalSection
	GlobalSection(ProjectConfigurationPlatforms) = postSolution
		{2F0761A3-DB3A-43F5-83A9-FA689051DAAD}.Debug|Any CPU.ActiveCfg = Debug|Any CPU
		{2F0761A3-DB3A-43F5-83A9-FA689051DAAD}.Debug|Any CPU.Build.0 = Debug|Any CPU
		{2F0761A3-DB3A-43F5-83A9-FA689051DAAD}.Release|Any CPU.ActiveCfg = Release|Any CPU
		{2F0761A3-DB3A-43F5-83A9-FA689051DAAD}.Release|Any CPU.Build.0 = Release|Any CPU
		{6EFEAE7C-1B8D-4B9A-9336-67168AD23B44}.Debug|Any CPU.ActiveCfg = Debug|Any CPU
		{6EFEAE7C-1B8D-4B9A-9336-67168AD23B44}.Debug|Any CPU.Build.0 = Debug|Any CPU
		{6EFEAE7C-1B8D-4B9A-9336-67168AD23B44}.Release|Any CPU.ActiveCfg = Release|Any CPU
		{6EFEAE7C-1B8D-4B9A-9336-67168AD23B44}.Release|Any CPU.Build.0 = Release|Any CPU
		{CA1B5FAD-3BA6-43D4-97A2-56E04256013A}.Debug|Any CPU.ActiveCfg = Debug|Any CPU
		{CA1B5FAD-3BA6-43D4-97A2-56E04256013A}.Debug|Any CPU.Build.0 = Debug|Any CPU
		{CA1B5FAD-3BA6-43D4-97A2-56E04256013A}.Release|Any CPU.ActiveCfg = Release|Any CPU
		{CA1B5FAD-3BA6-43D4-97A2-56E04256013A}.Release|Any CPU.Build.0 = Release|Any CPU
		{129FE6BE-1A1E-4C4B-957C-878B38CA8CC5}.Debug|Any CPU.ActiveCfg = Debug|Any CPU
		{129FE6BE-1A1E-4C4B-957C-878B38CA8CC5}.Debug|Any CPU.Build.0 = Debug|Any CPU
		{129FE6BE-1A1E-4C4B-957C-878B38CA8CC5}.Release|Any CPU.ActiveCfg = Release|Any CPU
		{129FE6BE-1A1E-4C4B-957C-878B38CA8CC5}.Release|Any CPU.Build.0 = Release|Any CPU
		{C4B17793-24C1-4D99-A5FD-ECD5C410E70C}.Debug|Any CPU.ActiveCfg = Debug|Any CPU
		{C4B17793-24C1-4D99-A5FD-ECD5C410E70C}.Debug|Any CPU.Build.0 = Debug|Any CPU
		{C4B17793-24C1-4D99-A5FD-ECD5C410E70C}.Release|Any CPU.ActiveCfg = Release|Any CPU
		{C4B17793-24C1-4D99-A5FD-ECD5C410E70C}.Release|Any CPU.Build.0 = Release|Any CPU
		{9B6FAA42-DF46-41A7-B75A-FB669FD9CA26}.Debug|Any CPU.ActiveCfg = Debug|Any CPU
		{9B6FAA42-DF46-41A7-B75A-FB669FD9CA26}.Debug|Any CPU.Build.0 = Debug|Any CPU
		{9B6FAA42-DF46-41A7-B75A-FB669FD9CA26}.Release|Any CPU.ActiveCfg = Release|Any CPU
		{9B6FAA42-DF46-41A7-B75A-FB669FD9CA26}.Release|Any CPU.Build.0 = Release|Any CPU
	EndGlobalSection
EndGlobal
