
Microsoft Visual Studio Solution File, Format Version 12.00
# Visual Studio 15
Project("{FAE04EC0-301F-11D3-BF4B-00C04F79EFBC}") = "Kneat.Framework", "Kneat.Framework\Kneat.Framework.csproj", "{2F0761A3-DB3A-43F5-83A9-FA689051DAAD}"
EndProject
Project("{FAE04EC0-301F-11D3-BF4B-00C04F79EFBC}") = "Kneat.TestCases", "Kneat.TestCases\Kneat.TestCases.csproj", "{6EFEAE7C-1B8D-4B9A-9336-67168AD23B44}"
EndProject
Project("{FAE04EC0-301F-11D3-BF4B-00C04F79EFBC}") = "Kneat.Common", "Kneat.Common\Kneat.Common.csproj", "{CA1B5FAD-3BA6-43D4-97A2-56E04256013A}"
EndProject
Project("{FAE04EC0-301F-11D3-BF4B-00C04F79EFBC}") = "Kneat.Pages", "Kneat.Pages\Kneat.Pages.csproj", "{129FE6BE-1A1E-4C4B-957C-878B38CA8CC5}"
EndProject
Project("{FAE04EC0-301F-11D3-BF4B-00C04F79EFBC}") = "Kneat.Reports", "Kneat.Reports\Kneat.Reports.csproj", "{C4B17793-24C1-4D99-A5FD-ECD5C410E70C}"
EndProject
Global
	GlobalSection(SolutionConfigurationPlatforms) = preSolution
		Debug|Any CPU = Debug|Any CPU
		Release|Any CPU = Release|Any CPU
	EndGlobalSection
	GlobalSection(ProjectConfigurationPlatforms) = postSolution
		{2F0761A3-DB3A-43F5-83A9-FA689051DAAD}.Debug|Any CPU.ActiveCfg = Debug|Any CPU
		{2F0761A3-DB3A-43F5-83A9-FA689051DAAD}.Debug|Any CPU.Build.0 = Debug|Any CPU
		{2F0761A3-DB3A-43F5-83A9-FA689051DAAD}.Release|Any CPU.ActiveCfg = Release|Any CPU
		{2F0761A3-DB3A-43F5-83A9-FA689051DAAD}.Release|Any CPU.Build.0 = Release|Any CPU
		{6EFEAE7C-1B8D-4B9A-9336-67168AD23B44}.Debug|Any CPU.ActiveCfg = Debug|Any CPU
		{6EFEAE7C-1B8D-4B9A-9336-67168AD23B44}.Debug|Any CPU.Build.0 = Debug|Any CPU
		{6EFEAE7C-1B8D-4B9A-9336-67168AD23B44}.Release|Any CPU.ActiveCfg = Release|Any CPU
		{6EFEAE7C-1B8D-4B9A-9336-67168AD23B44}.Release|Any CPU.Build.0 = Release|Any CPU
		{CA1B5FAD-3BA6-43D4-97A2-56E04256013A}.Debug|Any CPU.ActiveCfg = Debug|Any CPU
		{CA1B5FAD-3BA6-43D4-97A2-56E04256013A}.Debug|Any CPU.Build.0 = Debug|Any CPU
		{CA1B5FAD-3BA6-43D4-97A2-56E04256013A}.Release|Any CPU.ActiveCfg = Release|Any CPU
		{CA1B5FAD-3BA6-43D4-97A2-56E04256013A}.Release|Any CPU.Build.0 = Release|Any CPU
		{129FE6BE-1A1E-4C4B-957C-878B38CA8CC5}.Debug|Any CPU.ActiveCfg = Debug|Any CPU
		{129FE6BE-1A1E-4C4B-957C-878B38CA8CC5}.Debug|Any CPU.Build.0 = Debug|Any CPU
		{129FE6BE-1A1E-4C4B-957C-878B38CA8CC5}.Release|Any CPU.ActiveCfg = Release|Any CPU
		{129FE6BE-1A1E-4C4B-957C-878B38CA8CC5}.Release|Any CPU.Build.0 = Release|Any CPU
		{C4B17793-24C1-4D99-A5FD-ECD5C410E70C}.Debug|Any CPU.ActiveCfg = Debug|Any CPU
		{C4B17793-24C1-4D99-A5FD-ECD5C410E70C}.Debug|Any CPU.Build.0 = Debug|Any CPU
		{C4B17793-24C1-4D99-A5FD-ECD5C410E70C}.Release|Any CPU.ActiveCfg = Release|Any CPU
		{C4B17793-24C1-4D99-A5FD-ECD5C410E70C}.Release|Any CPU.Build.0 = Release|Any CPU
	EndGlobalSection
EndGlobal
